
Microsoft Visual Studio Solution File, Format Version 12.00
# Visual Studio Version 17
VisualStudioVersion = 17.0.31903.59
MinimumVisualStudioVersion = 10.0.40219.1
Project("{FAE04EC0-301F-11D3-BF4B-00C04F79EFBC}") = "ASPNET6Demo", "ASPNET6Demo\ASPNET6Demo.csproj", "{412636E2-426C-4C55-BB21-A3A103DCB292}"
EndProject
Global
	GlobalSection(SolutionConfigurationPlatforms) = preSolution
		Debug|Any CPU = Debug|Any CPU
		Release|Any CPU = Release|Any CPU
	EndGlobalSection
	GlobalSection(ProjectConfigurationPlatforms) = postSolution
		{412636E2-426C-4C55-BB21-A3A103DCB292}.Debug|Any CPU.ActiveCfg = Debug|Any CPU
		{412636E2-426C-4C55-BB21-A3A103DCB292}.Debug|Any CPU.Build.0 = Debug|Any CPU
		{412636E2-426C-4C55-BB21-A3A103DCB292}.Release|Any CPU.ActiveCfg = Release|Any CPU
		{412636E2-426C-4C55-BB21-A3A103DCB292}.Release|Any CPU.Build.0 = Release|Any CPU
	EndGlobalSection
	GlobalSection(SolutionProperties) = preSolution
		HideSolutionNode = FALSE
	EndGlobalSection
	GlobalSection(ExtensibilityGlobals) = postSolution
		SolutionGuid = {F4AFC34C-A125-4220-AFE0-B3651E695BCB}
	EndGlobalSection
EndGlobal
